// !$*UTF8*$!
{
	archiveVersion = 1;
	classes = {
	};
	objectVersion = 46;
	objects = {

/* Begin PBXBuildFile section */
		0A2407AB165932E600B6DDBC /* JCDefaultsController.h in Headers */ = {isa = PBXBuildFile; fileRef = 0A2407A9165932E600B6DDBC /* JCDefaultsController.h */; };
		0A2407AC165932E600B6DDBC /* JCDefaultsController.m in Sources */ = {isa = PBXBuildFile; fileRef = 0A2407AA165932E600B6DDBC /* JCDefaultsController.m */; };
		0A2407AE16593C3500B6DDBC /* JCDefaultsController_setters.h in Headers */ = {isa = PBXBuildFile; fileRef = 0A2407AD16593C3500B6DDBC /* JCDefaultsController_setters.h */; };
		0A2407B116593D7B00B6DDBC /* JCContext.h in Headers */ = {isa = PBXBuildFile; fileRef = 0A2407AF16593D7B00B6DDBC /* JCContext.h */; };
		0A2407B216593D7B00B6DDBC /* JCContext.m in Sources */ = {isa = PBXBuildFile; fileRef = 0A2407B016593D7B00B6DDBC /* JCContext.m */; };
		7EBCE1AD16567306009DCBF2 /* SGHotKey.h in Headers */ = {isa = PBXBuildFile; fileRef = 7EBCE1A516567306009DCBF2 /* SGHotKey.h */; };
		7EBCE1AE16567306009DCBF2 /* SGHotKey.m in Sources */ = {isa = PBXBuildFile; fileRef = 7EBCE1A616567306009DCBF2 /* SGHotKey.m */; };
		7EBCE1AF16567306009DCBF2 /* SGHotKeyCenter.h in Headers */ = {isa = PBXBuildFile; fileRef = 7EBCE1A716567306009DCBF2 /* SGHotKeyCenter.h */; };
		7EBCE1B016567306009DCBF2 /* SGHotKeyCenter.m in Sources */ = {isa = PBXBuildFile; fileRef = 7EBCE1A816567306009DCBF2 /* SGHotKeyCenter.m */; };
		7EBCE1B116567306009DCBF2 /* SGKeyCodeTranslator.h in Headers */ = {isa = PBXBuildFile; fileRef = 7EBCE1A916567306009DCBF2 /* SGKeyCodeTranslator.h */; };
		7EBCE1B216567306009DCBF2 /* SGKeyCodeTranslator.m in Sources */ = {isa = PBXBuildFile; fileRef = 7EBCE1AA16567306009DCBF2 /* SGKeyCodeTranslator.m */; };
		7EBCE1B316567306009DCBF2 /* SGKeyCombo.h in Headers */ = {isa = PBXBuildFile; fileRef = 7EBCE1AB16567306009DCBF2 /* SGKeyCombo.h */; };
		7EBCE1B416567306009DCBF2 /* SGKeyCombo.m in Sources */ = {isa = PBXBuildFile; fileRef = 7EBCE1AC16567306009DCBF2 /* SGKeyCombo.m */; };
		7EBCE1DF165682FC009DCBF2 /* Sparkle.framework in Frameworks */ = {isa = PBXBuildFile; fileRef = 7EBCE1DE165682FC009DCBF2 /* Sparkle.framework */; };
		7EBCE1ED165684D2009DCBF2 /* SRASCIIKeyCodeTransformer.h in Headers */ = {isa = PBXBuildFile; fileRef = 7EBCE1E1165684D2009DCBF2 /* SRASCIIKeyCodeTransformer.h */; };
		7EBCE1EE165684D2009DCBF2 /* SRASCIIKeyCodeTransformer.m in Sources */ = {isa = PBXBuildFile; fileRef = 7EBCE1E2165684D2009DCBF2 /* SRASCIIKeyCodeTransformer.m */; };
		7EBCE1EF165684D2009DCBF2 /* SRCommon.h in Headers */ = {isa = PBXBuildFile; fileRef = 7EBCE1E3165684D2009DCBF2 /* SRCommon.h */; };
		7EBCE1F0165684D2009DCBF2 /* SRCommon.m in Sources */ = {isa = PBXBuildFile; fileRef = 7EBCE1E4165684D2009DCBF2 /* SRCommon.m */; };
		7EBCE1F1165684D2009DCBF2 /* SRKeyCodeTransformer.h in Headers */ = {isa = PBXBuildFile; fileRef = 7EBCE1E5165684D2009DCBF2 /* SRKeyCodeTransformer.h */; };
		7EBCE1F2165684D2009DCBF2 /* SRKeyCodeTransformer.m in Sources */ = {isa = PBXBuildFile; fileRef = 7EBCE1E6165684D2009DCBF2 /* SRKeyCodeTransformer.m */; };
		7EBCE1F3165684D2009DCBF2 /* SRRecorderCell.h in Headers */ = {isa = PBXBuildFile; fileRef = 7EBCE1E7165684D2009DCBF2 /* SRRecorderCell.h */; };
		7EBCE1F4165684D2009DCBF2 /* SRRecorderCell.m in Sources */ = {isa = PBXBuildFile; fileRef = 7EBCE1E8165684D2009DCBF2 /* SRRecorderCell.m */; };
		7EBCE1F5165684D2009DCBF2 /* SRRecorderControl.h in Headers */ = {isa = PBXBuildFile; fileRef = 7EBCE1E9165684D2009DCBF2 /* SRRecorderControl.h */; };
		7EBCE1F6165684D2009DCBF2 /* SRRecorderControl.m in Sources */ = {isa = PBXBuildFile; fileRef = 7EBCE1EA165684D2009DCBF2 /* SRRecorderControl.m */; };
		7EBCE1F7165684D2009DCBF2 /* SRValidator.h in Headers */ = {isa = PBXBuildFile; fileRef = 7EBCE1EB165684D2009DCBF2 /* SRValidator.h */; };
		7EBCE1F8165684D2009DCBF2 /* SRValidator.m in Sources */ = {isa = PBXBuildFile; fileRef = 7EBCE1EC165684D2009DCBF2 /* SRValidator.m */; };
		8D11072A0486CEB800E47090 /* MainMenu.nib in Resources */ = {isa = PBXBuildFile; fileRef = 29B97318FDCFA39411CA2CEA /* MainMenu.nib */; };
		8D11072B0486CEB800E47090 /* InfoPlist.strings in Resources */ = {isa = PBXBuildFile; fileRef = 089C165CFE840E0CC02AAC07 /* InfoPlist.strings */; };
		8D11072D0486CEB800E47090 /* main.m in Sources */ = {isa = PBXBuildFile; fileRef = 29B97316FDCFA39411CA2CEA /* main.m */; settings = {ATTRIBUTES = (); }; };
		8D11072F0486CEB800E47090 /* Cocoa.framework in Frameworks */ = {isa = PBXBuildFile; fileRef = 1058C7A1FEA54F0111CA2CBB /* Cocoa.framework */; };
		8EA150C314371A5F0069E71B /* LaunchAtLoginController.h in Headers */ = {isa = PBXBuildFile; fileRef = 8EA150C114371A5F0069E71B /* LaunchAtLoginController.h */; };
		8EA150C414371A5F0069E71B /* LaunchAtLoginController.m in Sources */ = {isa = PBXBuildFile; fileRef = 8EA150C214371A5F0069E71B /* LaunchAtLoginController.m */; };
		AA058DC70A10512100DB7366 /* UKPrefsPanel.h in CopyFiles */ = {isa = PBXBuildFile; fileRef = AA058DC50A10512100DB7366 /* UKPrefsPanel.h */; };
		AA058DC80A10512100DB7366 /* UKPrefsPanel.m in Sources */ = {isa = PBXBuildFile; fileRef = AA058DC60A10512100DB7366 /* UKPrefsPanel.m */; };
		AA2640B90A37D2E600591C20 /* jumpcut.icns in Resources */ = {isa = PBXBuildFile; fileRef = AA2640B80A37D2E600591C20 /* jumpcut.icns */; };
		AABE486809FF1DF800A6A239 /* BezelWindow.m in Sources */ = {isa = PBXBuildFile; fileRef = AABE486309FF1DF800A6A239 /* BezelWindow.m */; };
		AABE486909FF1DF800A6A239 /* RoundRecTextField.m in Sources */ = {isa = PBXBuildFile; fileRef = AABE486509FF1DF800A6A239 /* RoundRecTextField.m */; };
		AABE486A09FF1DF800A6A239 /* RoundRecBezierPath.m in Sources */ = {isa = PBXBuildFile; fileRef = AABE486709FF1DF800A6A239 /* RoundRecBezierPath.m */; };
		AABE496A09FF227E00A6A239 /* JumpcutClipping.m in Sources */ = {isa = PBXBuildFile; fileRef = AABE496409FF227E00A6A239 /* JumpcutClipping.m */; };
		AABE496B09FF227E00A6A239 /* JumpcutStore.m in Sources */ = {isa = PBXBuildFile; fileRef = AABE496609FF227E00A6A239 /* JumpcutStore.m */; };
		AABE497C09FF9CD000A6A239 /* JCAppDelegate.m in Sources */ = {isa = PBXBuildFile; fileRef = AABE497B09FF9CD000A6A239 /* JCAppDelegate.m */; };
		AADC65F30A1DFCF000C0096D /* net.sf.jumpcut.ghost_scissors_small.png in Resources */ = {isa = PBXBuildFile; fileRef = AADC65F20A1DFCEF00C0096D /* net.sf.jumpcut.ghost_scissors_small.png */; };
		AAE200780A228741002DCC2A /* net.sf.jumpcut.preferences.appearance.tiff in Resources */ = {isa = PBXBuildFile; fileRef = AAE200770A228741002DCC2A /* net.sf.jumpcut.preferences.appearance.tiff */; };
		AAE2FD090A1EC35D002DCC2A /* net.sf.jumpcut.preferences.general.tiff in Resources */ = {isa = PBXBuildFile; fileRef = AAE2FD080A1EC35D002DCC2A /* net.sf.jumpcut.preferences.general.tiff */; };
		AAE2FEA70A1F6AD4002DCC2A /* net.sf.jumpcut.scissors_bw16.png in Resources */ = {isa = PBXBuildFile; fileRef = AAE2FEA60A1F6AD3002DCC2A /* net.sf.jumpcut.scissors_bw16.png */; };
		AAE2FF150A1FB4A7002DCC2A /* RemoveShortcut.tif in Resources */ = {isa = PBXBuildFile; fileRef = AAE2FF120A1FB4A7002DCC2A /* RemoveShortcut.tif */; };
		AAE2FF160A1FB4A8002DCC2A /* RemoveShortcutPressed.tif in Resources */ = {isa = PBXBuildFile; fileRef = AAE2FF130A1FB4A7002DCC2A /* RemoveShortcutPressed.tif */; };
		AAE2FF170A1FB4A8002DCC2A /* RemoveShortcutRollover.tif in Resources */ = {isa = PBXBuildFile; fileRef = AAE2FF140A1FB4A7002DCC2A /* RemoveShortcutRollover.tif */; };
		AAECDC800A03C8FB007D377A /* net.sf.jumpcut.preferences.hotkey.tiff in Resources */ = {isa = PBXBuildFile; fileRef = AAECDC7E0A03C8FB007D377A /* net.sf.jumpcut.preferences.hotkey.tiff */; };
		AAECDDC70A03DCC5007D377A /* net.sf.jumpcut.preferences.acknowledgements.tiff in Resources */ = {isa = PBXBuildFile; fileRef = AAECDDC60A03DCC4007D377A /* net.sf.jumpcut.preferences.acknowledgements.tiff */; };
		AAFAC85F0A1BD9DD00DC6025 /* Carbon.framework in Frameworks */ = {isa = PBXBuildFile; fileRef = AAFAC84A0A1BD9DD00DC6025 /* Carbon.framework */; };
/* End PBXBuildFile section */

/* Begin PBXCopyFilesBuildPhase section */
		AA22E86C0DBC4CB100351132 /* CopyFiles */ = {
			isa = PBXCopyFilesBuildPhase;
			buildActionMask = 2147483647;
			dstPath = "";
			dstSubfolderSpec = 7;
			files = (
			);
			runOnlyForDeploymentPostprocessing = 0;
		};
		AAE200D70A23255C002DCC2A /* CopyFiles */ = {
			isa = PBXCopyFilesBuildPhase;
			buildActionMask = 2147483647;
			dstPath = "";
			dstSubfolderSpec = 7;
			files = (
				AA058DC70A10512100DB7366 /* UKPrefsPanel.h in CopyFiles */,
			);
			runOnlyForDeploymentPostprocessing = 0;
		};
		AAECDE440A03E75C007D377A /* CopyFiles */ = {
			isa = PBXCopyFilesBuildPhase;
			buildActionMask = 2147483647;
			dstPath = "";
			dstSubfolderSpec = 10;
			files = (
			);
			runOnlyForDeploymentPostprocessing = 0;
		};
/* End PBXCopyFilesBuildPhase section */

/* Begin PBXFileReference section */
		089C165DFE840E0CC02AAC07 /* English */ = {isa = PBXFileReference; fileEncoding = 10; lastKnownFileType = text.plist.strings; name = English; path = English.lproj/InfoPlist.strings; sourceTree = "<group>"; };
		0A2407A9165932E600B6DDBC /* JCDefaultsController.h */ = {isa = PBXFileReference; fileEncoding = 4; lastKnownFileType = sourcecode.c.h; path = JCDefaultsController.h; sourceTree = "<group>"; };
		0A2407AA165932E600B6DDBC /* JCDefaultsController.m */ = {isa = PBXFileReference; fileEncoding = 4; lastKnownFileType = sourcecode.c.objc; path = JCDefaultsController.m; sourceTree = "<group>"; };
		0A2407AD16593C3500B6DDBC /* JCDefaultsController_setters.h */ = {isa = PBXFileReference; fileEncoding = 4; lastKnownFileType = sourcecode.c.h; path = JCDefaultsController_setters.h; sourceTree = "<group>"; };
		0A2407AF16593D7B00B6DDBC /* JCContext.h */ = {isa = PBXFileReference; fileEncoding = 4; lastKnownFileType = sourcecode.c.h; path = JCContext.h; sourceTree = "<group>"; };
		0A2407B016593D7B00B6DDBC /* JCContext.m */ = {isa = PBXFileReference; fileEncoding = 4; lastKnownFileType = sourcecode.c.objc; path = JCContext.m; sourceTree = "<group>"; };
		1058C7A1FEA54F0111CA2CBB /* Cocoa.framework */ = {isa = PBXFileReference; lastKnownFileType = wrapper.framework; name = Cocoa.framework; path = /System/Library/Frameworks/Cocoa.framework; sourceTree = "<absolute>"; };
		13E42FB307B3F0F600E4EEF1 /* CoreData.framework */ = {isa = PBXFileReference; lastKnownFileType = wrapper.framework; name = CoreData.framework; path = /System/Library/Frameworks/CoreData.framework; sourceTree = "<absolute>"; };
		29B97316FDCFA39411CA2CEA /* main.m */ = {isa = PBXFileReference; fileEncoding = 4; lastKnownFileType = sourcecode.c.objc; path = main.m; sourceTree = "<group>"; };
		29B97319FDCFA39411CA2CEA /* English */ = {isa = PBXFileReference; lastKnownFileType = wrapper.nib; name = English; path = English.lproj/MainMenu.nib; sourceTree = "<group>"; };
		29B97324FDCFA39411CA2CEA /* AppKit.framework */ = {isa = PBXFileReference; lastKnownFileType = wrapper.framework; name = AppKit.framework; path = /System/Library/Frameworks/AppKit.framework; sourceTree = "<absolute>"; };
		29B97325FDCFA39411CA2CEA /* Foundation.framework */ = {isa = PBXFileReference; lastKnownFileType = wrapper.framework; name = Foundation.framework; path = /System/Library/Frameworks/Foundation.framework; sourceTree = "<absolute>"; };
		32CA4F630368D1EE00C91783 /* Jumpcut_Prefix.pch */ = {isa = PBXFileReference; fileEncoding = 4; lastKnownFileType = sourcecode.c.h; path = Jumpcut_Prefix.pch; sourceTree = "<group>"; };
		7EBCE1A516567306009DCBF2 /* SGHotKey.h */ = {isa = PBXFileReference; fileEncoding = 4; lastKnownFileType = sourcecode.c.h; path = SGHotKey.h; sourceTree = "<group>"; };
		7EBCE1A616567306009DCBF2 /* SGHotKey.m */ = {isa = PBXFileReference; fileEncoding = 4; lastKnownFileType = sourcecode.c.objc; path = SGHotKey.m; sourceTree = "<group>"; };
		7EBCE1A716567306009DCBF2 /* SGHotKeyCenter.h */ = {isa = PBXFileReference; fileEncoding = 4; lastKnownFileType = sourcecode.c.h; path = SGHotKeyCenter.h; sourceTree = "<group>"; };
		7EBCE1A816567306009DCBF2 /* SGHotKeyCenter.m */ = {isa = PBXFileReference; fileEncoding = 4; lastKnownFileType = sourcecode.c.objc; path = SGHotKeyCenter.m; sourceTree = "<group>"; };
		7EBCE1A916567306009DCBF2 /* SGKeyCodeTranslator.h */ = {isa = PBXFileReference; fileEncoding = 4; lastKnownFileType = sourcecode.c.h; path = SGKeyCodeTranslator.h; sourceTree = "<group>"; };
		7EBCE1AA16567306009DCBF2 /* SGKeyCodeTranslator.m */ = {isa = PBXFileReference; fileEncoding = 4; lastKnownFileType = sourcecode.c.objc; path = SGKeyCodeTranslator.m; sourceTree = "<group>"; };
		7EBCE1AB16567306009DCBF2 /* SGKeyCombo.h */ = {isa = PBXFileReference; fileEncoding = 4; lastKnownFileType = sourcecode.c.h; path = SGKeyCombo.h; sourceTree = "<group>"; };
		7EBCE1AC16567306009DCBF2 /* SGKeyCombo.m */ = {isa = PBXFileReference; fileEncoding = 4; lastKnownFileType = sourcecode.c.objc; path = SGKeyCombo.m; sourceTree = "<group>"; };
		7EBCE1DE165682FC009DCBF2 /* Sparkle.framework */ = {isa = PBXFileReference; lastKnownFileType = wrapper.framework; path = Sparkle.framework; sourceTree = "<group>"; };
		7EBCE1E1165684D2009DCBF2 /* SRASCIIKeyCodeTransformer.h */ = {isa = PBXFileReference; fileEncoding = 4; lastKnownFileType = sourcecode.c.h; path = SRASCIIKeyCodeTransformer.h; sourceTree = "<group>"; };
		7EBCE1E2165684D2009DCBF2 /* SRASCIIKeyCodeTransformer.m */ = {isa = PBXFileReference; fileEncoding = 4; lastKnownFileType = sourcecode.c.objc; path = SRASCIIKeyCodeTransformer.m; sourceTree = "<group>"; };
		7EBCE1E3165684D2009DCBF2 /* SRCommon.h */ = {isa = PBXFileReference; fileEncoding = 4; lastKnownFileType = sourcecode.c.h; path = SRCommon.h; sourceTree = "<group>"; };
		7EBCE1E4165684D2009DCBF2 /* SRCommon.m */ = {isa = PBXFileReference; fileEncoding = 4; lastKnownFileType = sourcecode.c.objc; path = SRCommon.m; sourceTree = "<group>"; };
		7EBCE1E5165684D2009DCBF2 /* SRKeyCodeTransformer.h */ = {isa = PBXFileReference; fileEncoding = 4; lastKnownFileType = sourcecode.c.h; path = SRKeyCodeTransformer.h; sourceTree = "<group>"; };
		7EBCE1E6165684D2009DCBF2 /* SRKeyCodeTransformer.m */ = {isa = PBXFileReference; fileEncoding = 4; lastKnownFileType = sourcecode.c.objc; path = SRKeyCodeTransformer.m; sourceTree = "<group>"; };
		7EBCE1E7165684D2009DCBF2 /* SRRecorderCell.h */ = {isa = PBXFileReference; fileEncoding = 4; lastKnownFileType = sourcecode.c.h; path = SRRecorderCell.h; sourceTree = "<group>"; };
		7EBCE1E8165684D2009DCBF2 /* SRRecorderCell.m */ = {isa = PBXFileReference; fileEncoding = 4; lastKnownFileType = sourcecode.c.objc; path = SRRecorderCell.m; sourceTree = "<group>"; };
		7EBCE1E9165684D2009DCBF2 /* SRRecorderControl.h */ = {isa = PBXFileReference; fileEncoding = 4; lastKnownFileType = sourcecode.c.h; path = SRRecorderControl.h; sourceTree = "<group>"; };
		7EBCE1EA165684D2009DCBF2 /* SRRecorderControl.m */ = {isa = PBXFileReference; fileEncoding = 4; lastKnownFileType = sourcecode.c.objc; path = SRRecorderControl.m; sourceTree = "<group>"; };
		7EBCE1EB165684D2009DCBF2 /* SRValidator.h */ = {isa = PBXFileReference; fileEncoding = 4; lastKnownFileType = sourcecode.c.h; path = SRValidator.h; sourceTree = "<group>"; };
		7EBCE1EC165684D2009DCBF2 /* SRValidator.m */ = {isa = PBXFileReference; fileEncoding = 4; lastKnownFileType = sourcecode.c.objc; path = SRValidator.m; sourceTree = "<group>"; };
		8D1107310486CEB800E47090 /* Info.plist */ = {isa = PBXFileReference; fileEncoding = 4; lastKnownFileType = text.plist; path = Info.plist; sourceTree = "<group>"; };
		8D1107320486CEB800E47090 /* JumpcutFork.app */ = {isa = PBXFileReference; explicitFileType = wrapper.application; includeInIndex = 0; path = JumpcutFork.app; sourceTree = BUILT_PRODUCTS_DIR; };
		8EA150C114371A5F0069E71B /* LaunchAtLoginController.h */ = {isa = PBXFileReference; fileEncoding = 4; lastKnownFileType = sourcecode.c.h; path = LaunchAtLoginController.h; sourceTree = "<group>"; };
		8EA150C214371A5F0069E71B /* LaunchAtLoginController.m */ = {isa = PBXFileReference; fileEncoding = 4; lastKnownFileType = sourcecode.c.objc; path = LaunchAtLoginController.m; sourceTree = "<group>"; };
		AA058DC50A10512100DB7366 /* UKPrefsPanel.h */ = {isa = PBXFileReference; fileEncoding = 30; lastKnownFileType = sourcecode.c.h; path = UKPrefsPanel.h; sourceTree = "<group>"; };
		AA058DC60A10512100DB7366 /* UKPrefsPanel.m */ = {isa = PBXFileReference; fileEncoding = 30; lastKnownFileType = sourcecode.c.objc; path = UKPrefsPanel.m; sourceTree = "<group>"; };
		AA2640B80A37D2E600591C20 /* jumpcut.icns */ = {isa = PBXFileReference; lastKnownFileType = image.icns; path = jumpcut.icns; sourceTree = "<group>"; };
		AABE486209FF1DF800A6A239 /* BezelWindow.h */ = {isa = PBXFileReference; fileEncoding = 30; lastKnownFileType = sourcecode.c.h; path = BezelWindow.h; sourceTree = "<group>"; };
		AABE486309FF1DF800A6A239 /* BezelWindow.m */ = {isa = PBXFileReference; fileEncoding = 30; lastKnownFileType = sourcecode.c.objc; path = BezelWindow.m; sourceTree = "<group>"; };
		AABE486409FF1DF800A6A239 /* RoundRecTextField.h */ = {isa = PBXFileReference; fileEncoding = 30; lastKnownFileType = sourcecode.c.h; path = RoundRecTextField.h; sourceTree = "<group>"; };
		AABE486509FF1DF800A6A239 /* RoundRecTextField.m */ = {isa = PBXFileReference; fileEncoding = 30; lastKnownFileType = sourcecode.c.objc; path = RoundRecTextField.m; sourceTree = "<group>"; };
		AABE486609FF1DF800A6A239 /* RoundRecBezierPath.h */ = {isa = PBXFileReference; fileEncoding = 30; lastKnownFileType = sourcecode.c.h; path = RoundRecBezierPath.h; sourceTree = "<group>"; };
		AABE486709FF1DF800A6A239 /* RoundRecBezierPath.m */ = {isa = PBXFileReference; fileEncoding = 30; lastKnownFileType = sourcecode.c.objc; path = RoundRecBezierPath.m; sourceTree = "<group>"; };
		AABE496309FF227E00A6A239 /* JumpcutClipping.h */ = {isa = PBXFileReference; fileEncoding = 30; lastKnownFileType = sourcecode.c.h; path = JumpcutClipping.h; sourceTree = "<group>"; };
		AABE496409FF227E00A6A239 /* JumpcutClipping.m */ = {isa = PBXFileReference; fileEncoding = 30; lastKnownFileType = sourcecode.c.objc; path = JumpcutClipping.m; sourceTree = "<group>"; };
		AABE496509FF227E00A6A239 /* JumpcutStore.h */ = {isa = PBXFileReference; fileEncoding = 30; lastKnownFileType = sourcecode.c.h; path = JumpcutStore.h; sourceTree = "<group>"; };
		AABE496609FF227E00A6A239 /* JumpcutStore.m */ = {isa = PBXFileReference; fileEncoding = 30; lastKnownFileType = sourcecode.c.objc; path = JumpcutStore.m; sourceTree = "<group>"; };
		AABE497A09FF9CD000A6A239 /* JCAppDelegate.h */ = {isa = PBXFileReference; fileEncoding = 30; lastKnownFileType = sourcecode.c.h; path = JCAppDelegate.h; sourceTree = "<group>"; };
		AABE497B09FF9CD000A6A239 /* JCAppDelegate.m */ = {isa = PBXFileReference; fileEncoding = 30; lastKnownFileType = sourcecode.c.objc; path = JCAppDelegate.m; sourceTree = "<group>"; };
		AADC65F20A1DFCEF00C0096D /* net.sf.jumpcut.ghost_scissors_small.png */ = {isa = PBXFileReference; lastKnownFileType = image.png; path = net.sf.jumpcut.ghost_scissors_small.png; sourceTree = "<group>"; };
		AAE200770A228741002DCC2A /* net.sf.jumpcut.preferences.appearance.tiff */ = {isa = PBXFileReference; lastKnownFileType = image.tiff; path = net.sf.jumpcut.preferences.appearance.tiff; sourceTree = "<group>"; };
		AAE2FD080A1EC35D002DCC2A /* net.sf.jumpcut.preferences.general.tiff */ = {isa = PBXFileReference; lastKnownFileType = image.tiff; path = net.sf.jumpcut.preferences.general.tiff; sourceTree = "<group>"; };
		AAE2FEA60A1F6AD3002DCC2A /* net.sf.jumpcut.scissors_bw16.png */ = {isa = PBXFileReference; lastKnownFileType = image.png; path = net.sf.jumpcut.scissors_bw16.png; sourceTree = "<group>"; };
		AAE2FF120A1FB4A7002DCC2A /* RemoveShortcut.tif */ = {isa = PBXFileReference; lastKnownFileType = image.tiff; path = RemoveShortcut.tif; sourceTree = "<group>"; };
		AAE2FF130A1FB4A7002DCC2A /* RemoveShortcutPressed.tif */ = {isa = PBXFileReference; lastKnownFileType = image.tiff; path = RemoveShortcutPressed.tif; sourceTree = "<group>"; };
		AAE2FF140A1FB4A7002DCC2A /* RemoveShortcutRollover.tif */ = {isa = PBXFileReference; lastKnownFileType = image.tiff; path = RemoveShortcutRollover.tif; sourceTree = "<group>"; };
		AAECDC7E0A03C8FB007D377A /* net.sf.jumpcut.preferences.hotkey.tiff */ = {isa = PBXFileReference; lastKnownFileType = image.tiff; path = net.sf.jumpcut.preferences.hotkey.tiff; sourceTree = "<group>"; };
		AAECDDC60A03DCC4007D377A /* net.sf.jumpcut.preferences.acknowledgements.tiff */ = {isa = PBXFileReference; lastKnownFileType = image.tiff; path = net.sf.jumpcut.preferences.acknowledgements.tiff; sourceTree = "<group>"; };
		AAFAC84A0A1BD9DD00DC6025 /* Carbon.framework */ = {isa = PBXFileReference; lastKnownFileType = wrapper.framework; name = Carbon.framework; path = /System/Library/Frameworks/Carbon.framework; sourceTree = "<absolute>"; };
/* End PBXFileReference section */

/* Begin PBXFrameworksBuildPhase section */
		8D11072E0486CEB800E47090 /* Frameworks */ = {
			isa = PBXFrameworksBuildPhase;
			buildActionMask = 2147483647;
			files = (
				8D11072F0486CEB800E47090 /* Cocoa.framework in Frameworks */,
				AAFAC85F0A1BD9DD00DC6025 /* Carbon.framework in Frameworks */,
				7EBCE1DF165682FC009DCBF2 /* Sparkle.framework in Frameworks */,
			);
			runOnlyForDeploymentPostprocessing = 0;
		};
/* End PBXFrameworksBuildPhase section */

/* Begin PBXGroup section */
		080E96DDFE201D6D7F000001 /* Classes */ = {
			isa = PBXGroup;
			children = (
				AABE497A09FF9CD000A6A239 /* JCAppDelegate.h */,
				AABE497B09FF9CD000A6A239 /* JCAppDelegate.m */,
				0A2407A9165932E600B6DDBC /* JCDefaultsController.h */,
				0A2407AA165932E600B6DDBC /* JCDefaultsController.m */,
				0A2407AD16593C3500B6DDBC /* JCDefaultsController_setters.h */,
				0A2407AF16593D7B00B6DDBC /* JCContext.h */,
				0A2407B016593D7B00B6DDBC /* JCContext.m */,
				AABE496009FF227E00A6A239 /* JumpcutEngine */,
				AA0875E60B800F2600C1F175 /* LoginItem */,
				7EBCE1E0165684D2009DCBF2 /* SRRecorder */,
				AABE491909FF214900A6A239 /* UI */,
				7EBCE1A416567306009DCBF2 /* SGHotKeysLib */,
				AAECDC8B0A03C9DC007D377A /* UKPrefsPanel */,
			);
			name = Classes;
			sourceTree = "<group>";
		};
		1058C7A0FEA54F0111CA2CBB /* Linked Frameworks */ = {
			isa = PBXGroup;
			children = (
				7EBCE1DE165682FC009DCBF2 /* Sparkle.framework */,
				AAFAC84A0A1BD9DD00DC6025 /* Carbon.framework */,
				1058C7A1FEA54F0111CA2CBB /* Cocoa.framework */,
			);
			name = "Linked Frameworks";
			sourceTree = "<group>";
		};
		1058C7A2FEA54F0111CA2CBB /* Other Frameworks */ = {
			isa = PBXGroup;
			children = (
				29B97324FDCFA39411CA2CEA /* AppKit.framework */,
				13E42FB307B3F0F600E4EEF1 /* CoreData.framework */,
				29B97325FDCFA39411CA2CEA /* Foundation.framework */,
			);
			name = "Other Frameworks";
			sourceTree = "<group>";
		};
		19C28FACFE9D520D11CA2CBB /* Products */ = {
			isa = PBXGroup;
			children = (
				8D1107320486CEB800E47090 /* JumpcutFork.app */,
			);
			name = Products;
			sourceTree = "<group>";
		};
		29B97314FDCFA39411CA2CEA /* Jumpcut */ = {
			isa = PBXGroup;
			children = (
				080E96DDFE201D6D7F000001 /* Classes */,
				29B97315FDCFA39411CA2CEA /* Other Sources */,
				29B97317FDCFA39411CA2CEA /* Resources */,
				29B97323FDCFA39411CA2CEA /* Frameworks */,
				19C28FACFE9D520D11CA2CBB /* Products */,
			);
			name = Jumpcut;
			sourceTree = "<group>";
		};
		29B97315FDCFA39411CA2CEA /* Other Sources */ = {
			isa = PBXGroup;
			children = (
				32CA4F630368D1EE00C91783 /* Jumpcut_Prefix.pch */,
				29B97316FDCFA39411CA2CEA /* main.m */,
			);
			name = "Other Sources";
			sourceTree = "<group>";
		};
		29B97317FDCFA39411CA2CEA /* Resources */ = {
			isa = PBXGroup;
			children = (
				AA2640B80A37D2E600591C20 /* jumpcut.icns */,
				AAE2FF120A1FB4A7002DCC2A /* RemoveShortcut.tif */,
				AAE2FF130A1FB4A7002DCC2A /* RemoveShortcutPressed.tif */,
				AAE2FF140A1FB4A7002DCC2A /* RemoveShortcutRollover.tif */,
				AADC65F20A1DFCEF00C0096D /* net.sf.jumpcut.ghost_scissors_small.png */,
				AAE2FEA60A1F6AD3002DCC2A /* net.sf.jumpcut.scissors_bw16.png */,
				AAECDDC60A03DCC4007D377A /* net.sf.jumpcut.preferences.acknowledgements.tiff */,
				AAE200770A228741002DCC2A /* net.sf.jumpcut.preferences.appearance.tiff */,
				AAECDC7E0A03C8FB007D377A /* net.sf.jumpcut.preferences.hotkey.tiff */,
				AAE2FD080A1EC35D002DCC2A /* net.sf.jumpcut.preferences.general.tiff */,
				8D1107310486CEB800E47090 /* Info.plist */,
				089C165CFE840E0CC02AAC07 /* InfoPlist.strings */,
				29B97318FDCFA39411CA2CEA /* MainMenu.nib */,
			);
			name = Resources;
			sourceTree = "<group>";
		};
		29B97323FDCFA39411CA2CEA /* Frameworks */ = {
			isa = PBXGroup;
			children = (
				1058C7A0FEA54F0111CA2CBB /* Linked Frameworks */,
				1058C7A2FEA54F0111CA2CBB /* Other Frameworks */,
			);
			name = Frameworks;
			sourceTree = "<group>";
		};
		7EBCE1A416567306009DCBF2 /* SGHotKeysLib */ = {
			isa = PBXGroup;
			children = (
				7EBCE1A516567306009DCBF2 /* SGHotKey.h */,
				7EBCE1A616567306009DCBF2 /* SGHotKey.m */,
				7EBCE1A716567306009DCBF2 /* SGHotKeyCenter.h */,
				7EBCE1A816567306009DCBF2 /* SGHotKeyCenter.m */,
				7EBCE1A916567306009DCBF2 /* SGKeyCodeTranslator.h */,
				7EBCE1AA16567306009DCBF2 /* SGKeyCodeTranslator.m */,
				7EBCE1AB16567306009DCBF2 /* SGKeyCombo.h */,
				7EBCE1AC16567306009DCBF2 /* SGKeyCombo.m */,
			);
			path = SGHotKeysLib;
			sourceTree = "<group>";
		};
		7EBCE1E0165684D2009DCBF2 /* SRRecorder */ = {
			isa = PBXGroup;
			children = (
				7EBCE1E1165684D2009DCBF2 /* SRASCIIKeyCodeTransformer.h */,
				7EBCE1E2165684D2009DCBF2 /* SRASCIIKeyCodeTransformer.m */,
				7EBCE1E3165684D2009DCBF2 /* SRCommon.h */,
				7EBCE1E4165684D2009DCBF2 /* SRCommon.m */,
				7EBCE1E5165684D2009DCBF2 /* SRKeyCodeTransformer.h */,
				7EBCE1E6165684D2009DCBF2 /* SRKeyCodeTransformer.m */,
				7EBCE1E7165684D2009DCBF2 /* SRRecorderCell.h */,
				7EBCE1E8165684D2009DCBF2 /* SRRecorderCell.m */,
				7EBCE1E9165684D2009DCBF2 /* SRRecorderControl.h */,
				7EBCE1EA165684D2009DCBF2 /* SRRecorderControl.m */,
				7EBCE1EB165684D2009DCBF2 /* SRValidator.h */,
				7EBCE1EC165684D2009DCBF2 /* SRValidator.m */,
			);
			path = SRRecorder;
			sourceTree = "<group>";
		};
		AA0875E60B800F2600C1F175 /* LoginItem */ = {
			isa = PBXGroup;
			children = (
				8EA150C114371A5F0069E71B /* LaunchAtLoginController.h */,
				8EA150C214371A5F0069E71B /* LaunchAtLoginController.m */,
			);
			name = LoginItem;
			sourceTree = "<group>";
		};
		AABE491909FF214900A6A239 /* UI */ = {
			isa = PBXGroup;
			children = (
				AABE486209FF1DF800A6A239 /* BezelWindow.h */,
				AABE486309FF1DF800A6A239 /* BezelWindow.m */,
				AABE486409FF1DF800A6A239 /* RoundRecTextField.h */,
				AABE486509FF1DF800A6A239 /* RoundRecTextField.m */,
				AABE486609FF1DF800A6A239 /* RoundRecBezierPath.h */,
				AABE486709FF1DF800A6A239 /* RoundRecBezierPath.m */,
			);
			name = UI;
			sourceTree = "<group>";
		};
		AABE496009FF227E00A6A239 /* JumpcutEngine */ = {
			isa = PBXGroup;
			children = (
				AABE496309FF227E00A6A239 /* JumpcutClipping.h */,
				AABE496409FF227E00A6A239 /* JumpcutClipping.m */,
				AABE496509FF227E00A6A239 /* JumpcutStore.h */,
				AABE496609FF227E00A6A239 /* JumpcutStore.m */,
			);
			name = JumpcutEngine;
			sourceTree = "<group>";
		};
		AAECDC8B0A03C9DC007D377A /* UKPrefsPanel */ = {
			isa = PBXGroup;
			children = (
				AA058DC50A10512100DB7366 /* UKPrefsPanel.h */,
				AA058DC60A10512100DB7366 /* UKPrefsPanel.m */,
			);
			name = UKPrefsPanel;
			sourceTree = "<group>";
		};
/* End PBXGroup section */

/* Begin PBXHeadersBuildPhase section */
		AAE2036C0A27B2B9002DCC2A /* Headers */ = {
			isa = PBXHeadersBuildPhase;
			buildActionMask = 2147483647;
			files = (
				8EA150C314371A5F0069E71B /* LaunchAtLoginController.h in Headers */,
				7EBCE1AD16567306009DCBF2 /* SGHotKey.h in Headers */,
				7EBCE1AF16567306009DCBF2 /* SGHotKeyCenter.h in Headers */,
				7EBCE1B116567306009DCBF2 /* SGKeyCodeTranslator.h in Headers */,
				7EBCE1B316567306009DCBF2 /* SGKeyCombo.h in Headers */,
				7EBCE1ED165684D2009DCBF2 /* SRASCIIKeyCodeTransformer.h in Headers */,
				7EBCE1EF165684D2009DCBF2 /* SRCommon.h in Headers */,
				7EBCE1F1165684D2009DCBF2 /* SRKeyCodeTransformer.h in Headers */,
				7EBCE1F3165684D2009DCBF2 /* SRRecorderCell.h in Headers */,
				7EBCE1F5165684D2009DCBF2 /* SRRecorderControl.h in Headers */,
				7EBCE1F7165684D2009DCBF2 /* SRValidator.h in Headers */,
				0A2407AB165932E600B6DDBC /* JCDefaultsController.h in Headers */,
				0A2407AE16593C3500B6DDBC /* JCDefaultsController_setters.h in Headers */,
				0A2407B116593D7B00B6DDBC /* JCContext.h in Headers */,
			);
			runOnlyForDeploymentPostprocessing = 0;
		};
/* End PBXHeadersBuildPhase section */

/* Begin PBXNativeTarget section */
		8D1107260486CEB800E47090 /* JumpcutFork */ = {
			isa = PBXNativeTarget;
			buildConfigurationList = C01FCF4A08A954540054247B /* Build configuration list for PBXNativeTarget "JumpcutFork" */;
			buildPhases = (
				8D1107290486CEB800E47090 /* Resources */,
				8D11072C0486CEB800E47090 /* Sources */,
				AAECDE440A03E75C007D377A /* CopyFiles */,
				8D11072E0486CEB800E47090 /* Frameworks */,
				AAE200D70A23255C002DCC2A /* CopyFiles */,
				AAE2036C0A27B2B9002DCC2A /* Headers */,
				AA22E86C0DBC4CB100351132 /* CopyFiles */,
			);
			buildRules = (
			);
			dependencies = (
			);
			name = JumpcutFork;
			productInstallPath = "$(HOME)/Applications";
			productName = Jumpcut;
			productReference = 8D1107320486CEB800E47090 /* JumpcutFork.app */;
			productType = "com.apple.product-type.application";
		};
/* End PBXNativeTarget section */

/* Begin PBXProject section */
		29B97313FDCFA39411CA2CEA /* Project object */ = {
			isa = PBXProject;
			attributes = {
				LastUpgradeCheck = 0450;
			};
			buildConfigurationList = C01FCF4E08A954540054247B /* Build configuration list for PBXProject "JumpcutFork" */;
			compatibilityVersion = "Xcode 3.2";
			developmentRegion = English;
			hasScannedForEncodings = 1;
			knownRegions = (
				en,
			);
			mainGroup = 29B97314FDCFA39411CA2CEA /* Jumpcut */;
			projectDirPath = "";
			projectRoot = "";
			targets = (
				8D1107260486CEB800E47090 /* JumpcutFork */,
			);
		};
/* End PBXProject section */

/* Begin PBXResourcesBuildPhase section */
		8D1107290486CEB800E47090 /* Resources */ = {
			isa = PBXResourcesBuildPhase;
			buildActionMask = 2147483647;
			files = (
				8D11072A0486CEB800E47090 /* MainMenu.nib in Resources */,
				8D11072B0486CEB800E47090 /* InfoPlist.strings in Resources */,
				AAECDC800A03C8FB007D377A /* net.sf.jumpcut.preferences.hotkey.tiff in Resources */,
				AAECDDC70A03DCC5007D377A /* net.sf.jumpcut.preferences.acknowledgements.tiff in Resources */,
				AADC65F30A1DFCF000C0096D /* net.sf.jumpcut.ghost_scissors_small.png in Resources */,
				AAE2FD090A1EC35D002DCC2A /* net.sf.jumpcut.preferences.general.tiff in Resources */,
				AAE2FEA70A1F6AD4002DCC2A /* net.sf.jumpcut.scissors_bw16.png in Resources */,
				AAE2FF150A1FB4A7002DCC2A /* RemoveShortcut.tif in Resources */,
				AAE2FF160A1FB4A8002DCC2A /* RemoveShortcutPressed.tif in Resources */,
				AAE2FF170A1FB4A8002DCC2A /* RemoveShortcutRollover.tif in Resources */,
				AAE200780A228741002DCC2A /* net.sf.jumpcut.preferences.appearance.tiff in Resources */,
				AA2640B90A37D2E600591C20 /* jumpcut.icns in Resources */,
			);
			runOnlyForDeploymentPostprocessing = 0;
		};
/* End PBXResourcesBuildPhase section */

/* Begin PBXSourcesBuildPhase section */
		8D11072C0486CEB800E47090 /* Sources */ = {
			isa = PBXSourcesBuildPhase;
			buildActionMask = 2147483647;
			files = (
				8D11072D0486CEB800E47090 /* main.m in Sources */,
				AABE486809FF1DF800A6A239 /* BezelWindow.m in Sources */,
				AABE486909FF1DF800A6A239 /* RoundRecTextField.m in Sources */,
				AABE486A09FF1DF800A6A239 /* RoundRecBezierPath.m in Sources */,
				AABE496A09FF227E00A6A239 /* JumpcutClipping.m in Sources */,
				AABE496B09FF227E00A6A239 /* JumpcutStore.m in Sources */,
				AA058DC80A10512100DB7366 /* UKPrefsPanel.m in Sources */,
				AABE497C09FF9CD000A6A239 /* JCAppDelegate.m in Sources */,
				8EA150C414371A5F0069E71B /* LaunchAtLoginController.m in Sources */,
				7EBCE1AE16567306009DCBF2 /* SGHotKey.m in Sources */,
				7EBCE1B016567306009DCBF2 /* SGHotKeyCenter.m in Sources */,
				7EBCE1B216567306009DCBF2 /* SGKeyCodeTranslator.m in Sources */,
				7EBCE1B416567306009DCBF2 /* SGKeyCombo.m in Sources */,
				7EBCE1EE165684D2009DCBF2 /* SRASCIIKeyCodeTransformer.m in Sources */,
				7EBCE1F0165684D2009DCBF2 /* SRCommon.m in Sources */,
				7EBCE1F2165684D2009DCBF2 /* SRKeyCodeTransformer.m in Sources */,
				7EBCE1F4165684D2009DCBF2 /* SRRecorderCell.m in Sources */,
				7EBCE1F6165684D2009DCBF2 /* SRRecorderControl.m in Sources */,
				7EBCE1F8165684D2009DCBF2 /* SRValidator.m in Sources */,
				0A2407AC165932E600B6DDBC /* JCDefaultsController.m in Sources */,
				0A2407B216593D7B00B6DDBC /* JCContext.m in Sources */,
			);
			runOnlyForDeploymentPostprocessing = 0;
		};
/* End PBXSourcesBuildPhase section */

/* Begin PBXVariantGroup section */
		089C165CFE840E0CC02AAC07 /* InfoPlist.strings */ = {
			isa = PBXVariantGroup;
			children = (
				089C165DFE840E0CC02AAC07 /* English */,
			);
			name = InfoPlist.strings;
			sourceTree = "<group>";
		};
		29B97318FDCFA39411CA2CEA /* MainMenu.nib */ = {
			isa = PBXVariantGroup;
			children = (
				29B97319FDCFA39411CA2CEA /* English */,
			);
			name = MainMenu.nib;
			sourceTree = "<group>";
		};
/* End PBXVariantGroup section */

/* Begin XCBuildConfiguration section */
		C01FCF4B08A954540054247B /* Debug */ = {
			isa = XCBuildConfiguration;
			buildSettings = {
				ARCHS = "$(ARCHS_STANDARD_64_BIT)";
				CLANG_ENABLE_OBJC_ARC = YES;
				COMBINE_HIDPI_IMAGES = YES;
				COPY_PHASE_STRIP = NO;
				FRAMEWORK_SEARCH_PATHS = (
					"$(FRAMEWORK_SEARCH_PATHS)",
					"$(SRCROOT)",
				);
				GCC_DYNAMIC_NO_PIC = NO;
				GCC_MODEL_TUNING = G5;
				GCC_OPTIMIZATION_LEVEL = 0;
				INFOPLIST_FILE = Info.plist;
				INSTALL_PATH = "$(HOME)/Applications";
				PRODUCT_NAME = JumpcutFork;
				WRAPPER_EXTENSION = app;
				ZERO_LINK = YES;
			};
			name = Debug;
		};
		C01FCF4C08A954540054247B /* Release */ = {
			isa = XCBuildConfiguration;
			buildSettings = {
				ARCHS = "$(ARCHS_STANDARD_64_BIT)";
				CLANG_ENABLE_OBJC_ARC = YES;
				COMBINE_HIDPI_IMAGES = YES;
				FRAMEWORK_SEARCH_PATHS = (
					"$(FRAMEWORK_SEARCH_PATHS)",
					"$(SRCROOT)",
				);
				GCC_GENERATE_DEBUGGING_SYMBOLS = NO;
				GCC_MODEL_TUNING = G5;
				INFOPLIST_FILE = Info.plist;
				INSTALL_PATH = "$(HOME)/Applications";
				PRODUCT_NAME = JumpcutFork;
				STRIP_INSTALLED_PRODUCT = YES;
				WRAPPER_EXTENSION = app;
			};
			name = Release;
		};
		C01FCF4F08A954540054247B /* Debug */ = {
			isa = XCBuildConfiguration;
			buildSettings = {
				ARCHS = "$(ARCHS_STANDARD_32_64_BIT)";
				GCC_VERSION = com.apple.compilers.llvm.clang.1_0;
				GCC_WARN_ABOUT_RETURN_TYPE = YES;
				GCC_WARN_UNUSED_VARIABLE = YES;
				MACOSX_DEPLOYMENT_TARGET = 10.7;
				ONLY_ACTIVE_ARCH = NO;
				SDKROOT = macosx;
				VALID_ARCHS = "i386 x86_64";
			};
			name = Debug;
		};
		C01FCF5008A954540054247B /* Release */ = {
			isa = XCBuildConfiguration;
			buildSettings = {
				ARCHS = "$(ARCHS_STANDARD_32_64_BIT)";
				GCC_OPTIMIZATION_LEVEL = s;
				GCC_VERSION = com.apple.compilers.llvm.clang.1_0;
				GCC_WARN_ABOUT_RETURN_TYPE = YES;
				GCC_WARN_UNUSED_VARIABLE = YES;
				MACOSX_DEPLOYMENT_TARGET = 10.7;
				ONLY_ACTIVE_ARCH = NO;
				SDKROOT = macosx;
				VALID_ARCHS = "i386 x86_64";
			};
			name = Release;
		};
/* End XCBuildConfiguration section */

/* Begin XCConfigurationList section */
		C01FCF4A08A954540054247B /* Build configuration list for PBXNativeTarget "JumpcutFork" */ = {
			isa = XCConfigurationList;
			buildConfigurations = (
				C01FCF4B08A954540054247B /* Debug */,
				C01FCF4C08A954540054247B /* Release */,
			);
			defaultConfigurationIsVisible = 0;
			defaultConfigurationName = Release;
		};
		C01FCF4E08A954540054247B /* Build configuration list for PBXProject "JumpcutFork" */ = {
			isa = XCConfigurationList;
			buildConfigurations = (
				C01FCF4F08A954540054247B /* Debug */,
				C01FCF5008A954540054247B /* Release */,
			);
			defaultConfigurationIsVisible = 0;
			defaultConfigurationName = Release;
		};
/* End XCConfigurationList section */
	};
	rootObject = 29B97313FDCFA39411CA2CEA /* Project object */;
}
